// !$*UTF8*$!
{
	archiveVersion = 1;
	classes = {
	};
	objectVersion = 77;
	objects = {

/* Begin PBXContainerItemProxy section */
		04985CAB2F1CA6250014B436 /* PBXContainerItemProxy */ = {
			isa = PBXContainerItemProxy;
			containerPortal = 04985C942F1CA6230014B436 /* Project object */;
			proxyType = 1;
			remoteGlobalIDString = 04985C9B2F1CA6230014B436;
			remoteInfo = boom;
		};
		04985CB52F1CA6250014B436 /* PBXContainerItemProxy */ = {
			isa = PBXContainerItemProxy;
			containerPortal = 04985C942F1CA6230014B436 /* Project object */;
			proxyType = 1;
			remoteGlobalIDString = 04985C9B2F1CA6230014B436;
			remoteInfo = boom;
		};
/* End PBXContainerItemProxy section */

/* Begin PBXFileReference section */
		04985C9C2F1CA6230014B436 /* boom.app */ = {isa = PBXFileReference; explicitFileType = wrapper.application; includeInIndex = 0; path = boom.app; sourceTree = BUILT_PRODUCTS_DIR; };
		04985CAA2F1CA6250014B436 /* boomTests.xctest */ = {isa = PBXFileReference; explicitFileType = wrapper.cfbundle; includeInIndex = 0; path = boomTests.xctest; sourceTree = BUILT_PRODUCTS_DIR; };
		04985CB42F1CA6250014B436 /* boomUITests.xctest */ = {isa = PBXFileReference; explicitFileType = wrapper.cfbundle; includeInIndex = 0; path = boomUITests.xctest; sourceTree = BUILT_PRODUCTS_DIR; };
/* End PBXFileReference section */

/* Begin PBXFileSystemSynchronizedRootGroup section */
		04985C9E2F1CA6230014B436 /* boom */ = {
			isa = PBXFileSystemSynchronizedRootGroup;
			path = boom;
			sourceTree = "<group>";
		};
		04985CAD2F1CA6250014B436 /* boomTests */ = {
			isa = PBXFileSystemSynchronizedRootGroup;
			path = boomTests;
			sourceTree = "<group>";
		};
		04985CB72F1CA6250014B436 /* boomUITests */ = {
			isa = PBXFileSystemSynchronizedRootGroup;
			path = boomUITests;
			sourceTree = "<group>";
		};
/* End PBXFileSystemSynchronizedRootGroup section */

/* Begin PBXFrameworksBuildPhase section */
		04985C992F1CA6230014B436 /* Frameworks */ = {
			isa = PBXFrameworksBuildPhase;
			buildActionMask = 2147483647;
			files = (
			);
			runOnlyForDeploymentPostprocessing = 0;
		};
		04985CA72F1CA6250014B436 /* Frameworks */ = {
			isa = PBXFrameworksBuildPhase;
			buildActionMask = 2147483647;
			files = (
			);
			runOnlyForDeploymentPostprocessing = 0;
		};
		04985CB12F1CA6250014B436 /* Frameworks */ = {
			isa = PBXFrameworksBuildPhase;
			buildActionMask = 2147483647;
			files = (
			);
			runOnlyForDeploymentPostprocessing = 0;
		};
/* End PBXFrameworksBuildPhase section */

/* Begin PBXGroup section */
		04985C932F1CA6230014B436 = {
			isa = PBXGroup;
			children = (
				04985C9E2F1CA6230014B436 /* boom */,
				04985CAD2F1CA6250014B436 /* boomTests */,
				04985CB72F1CA6250014B436 /* boomUITests */,
				04985C9D2F1CA6230014B436 /* Products */,
			);
			sourceTree = "<group>";
		};
		04985C9D2F1CA6230014B436 /* Products */ = {
			isa = PBXGroup;
			children = (
				04985C9C2F1CA6230014B436 /* boom.app */,
				04985CAA2F1CA6250014B436 /* boomTests.xctest */,
				04985CB42F1CA6250014B436 /* boomUITests.xctest */,
			);
			name = Products;
			sourceTree = "<group>";
		};
/* End PBXGroup section */

/* Begin PBXNativeTarget section */
		04985C9B2F1CA6230014B436 /* boom */ = {
			isa = PBXNativeTarget;
			buildConfigurationList = 04985CBE2F1CA6250014B436 /* Build configuration list for PBXNativeTarget "boom" */;
			buildPhases = (
				04985C982F1CA6230014B436 /* Sources */,
				04985C992F1CA6230014B436 /* Frameworks */,
				04985C9A2F1CA6230014B436 /* Resources */,
			);
			buildRules = (
			);
			dependencies = (
			);
			fileSystemSynchronizedGroups = (
				04985C9E2F1CA6230014B436 /* boom */,
			);
			name = boom;
			packageProductDependencies = (
			);
			productName = boom;
			productReference = 04985C9C2F1CA6230014B436 /* boom.app */;
			productType = "com.apple.product-type.application";
		};
		04985CA92F1CA6250014B436 /* boomTests */ = {
			isa = PBXNativeTarget;
			buildConfigurationList = 04985CC12F1CA6250014B436 /* Build configuration list for PBXNativeTarget "boomTests" */;
			buildPhases = (
				04985CA62F1CA6250014B436 /* Sources */,
				04985CA72F1CA6250014B436 /* Frameworks */,
				04985CA82F1CA6250014B436 /* Resources */,
			);
			buildRules = (
			);
			dependencies = (
				04985CAC2F1CA6250014B436 /* PBXTargetDependency */,
			);
			fileSystemSynchronizedGroups = (
				04985CAD2F1CA6250014B436 /* boomTests */,
			);
			name = boomTests;
			packageProductDependencies = (
			);
			productName = boomTests;
			productReference = 04985CAA2F1CA6250014B436 /* boomTests.xctest */;
			productType = "com.apple.product-type.bundle.unit-test";
		};
		04985CB32F1CA6250014B436 /* boomUITests */ = {
			isa = PBXNativeTarget;
			buildConfigurationList = 04985CC42F1CA6250014B436 /* Build configuration list for PBXNativeTarget "boomUITests" */;
			buildPhases = (
				04985CB02F1CA6250014B436 /* Sources */,
				04985CB12F1CA6250014B436 /* Frameworks */,
				04985CB22F1CA6250014B436 /* Resources */,
			);
			buildRules = (
			);
			dependencies = (
				04985CB62F1CA6250014B436 /* PBXTargetDependency */,
			);
			fileSystemSynchronizedGroups = (
				04985CB72F1CA6250014B436 /* boomUITests */,
			);
			name = boomUITests;
			packageProductDependencies = (
			);
			productName = boomUITests;
			productReference = 04985CB42F1CA6250014B436 /* boomUITests.xctest */;
			productType = "com.apple.product-type.bundle.ui-testing";
		};
/* End PBXNativeTarget section */

/* Begin PBXProject section */
		04985C942F1CA6230014B436 /* Project object */ = {
			isa = PBXProject;
			attributes = {
				BuildIndependentTargetsInParallel = 1;
				LastSwiftUpdateCheck = 1640;
				LastUpgradeCheck = 1640;
				TargetAttributes = {
					04985C9B2F1CA6230014B436 = {
						CreatedOnToolsVersion = 16.4;
					};
					04985CA92F1CA6250014B436 = {
						CreatedOnToolsVersion = 16.4;
						TestTargetID = 04985C9B2F1CA6230014B436;
					};
					04985CB32F1CA6250014B436 = {
						CreatedOnToolsVersion = 16.4;
						TestTargetID = 04985C9B2F1CA6230014B436;
					};
				};
			};
			buildConfigurationList = 04985C972F1CA6230014B436 /* Build configuration list for PBXProject "boom" */;
			developmentRegion = en;
			hasScannedForEncodings = 0;
			knownRegions = (
				en,
				Base,
			);
			mainGroup = 04985C932F1CA6230014B436;
			minimizedProjectReferenceProxies = 1;
			preferredProjectObjectVersion = 77;
			productRefGroup = 04985C9D2F1CA6230014B436 /* Products */;
			projectDirPath = "";
			projectRoot = "";
			targets = (
				04985C9B2F1CA6230014B436 /* boom */,
				04985CA92F1CA6250014B436 /* boomTests */,
				04985CB32F1CA6250014B436 /* boomUITests */,
			);
		};
/* End PBXProject section */

/* Begin PBXResourcesBuildPhase section */
		04985C9A2F1CA6230014B436 /* Resources */ = {
			isa = PBXResourcesBuildPhase;
			buildActionMask = 2147483647;
			files = (
			);
			runOnlyForDeploymentPostprocessing = 0;
		};
		04985CA82F1CA6250014B436 /* Resources */ = {
			isa = PBXResourcesBuildPhase;
			buildActionMask = 2147483647;
			files = (
			);
			runOnlyForDeploymentPostprocessing = 0;
		};
		04985CB22F1CA6250014B436 /* Resources */ = {
			isa = PBXResourcesBuildPhase;
			buildActionMask = 2147483647;
			files = (
			);
			runOnlyForDeploymentPostprocessing = 0;
		};
/* End PBXResourcesBuildPhase section */

/* Begin PBXSourcesBuildPhase section */
		04985C982F1CA6230014B436 /* Sources */ = {
			isa = PBXSourcesBuildPhase;
			buildActionMask = 2147483647;
			files = (
			);
			runOnlyForDeploymentPostprocessing = 0;
		};
		04985CA62F1CA6250014B436 /* Sources */ = {
			isa = PBXSourcesBuildPhase;
			buildActionMask = 2147483647;
			files = (
			);
			runOnlyForDeploymentPostprocessing = 0;
		};
		04985CB02F1CA6250014B436 /* Sources */ = {
			isa = PBXSourcesBuildPhase;
			buildActionMask = 2147483647;
			files = (
			);
			runOnlyForDeploymentPostprocessing = 0;
		};
/* End PBXSourcesBuildPhase section */

/* Begin PBXTargetDependency section */
		04985CAC2F1CA6250014B436 /* PBXTargetDependency */ = {
			isa = PBXTargetDependency;
			target = 04985C9B2F1CA6230014B436 /* boom */;
			targetProxy = 04985CAB2F1CA6250014B436 /* PBXContainerItemProxy */;
		};
		04985CB62F1CA6250014B436 /* PBXTargetDependency */ = {
			isa = PBXTargetDependency;
			target = 04985C9B2F1CA6230014B436 /* boom */;
			targetProxy = 04985CB52F1CA6250014B436 /* PBXContainerItemProxy */;
		};
/* End PBXTargetDependency section */

/* Begin XCBuildConfiguration section */
		04985CBC2F1CA6250014B436 /* Debug */ = {
			isa = XCBuildConfiguration;
			buildSettings = {
				ALWAYS_SEARCH_USER_PATHS = NO;
				ASSETCATALOG_COMPILER_GENERATE_SWIFT_ASSET_SYMBOL_EXTENSIONS = YES;
				CLANG_ANALYZER_NONNULL = YES;
				CLANG_ANALYZER_NUMBER_OBJECT_CONVERSION = YES_AGGRESSIVE;
				CLANG_CXX_LANGUAGE_STANDARD = "gnu++20";
				CLANG_ENABLE_MODULES = YES;
				CLANG_ENABLE_OBJC_ARC = YES;
				CLANG_ENABLE_OBJC_WEAK = YES;
				CLANG_WARN_BLOCK_CAPTURE_AUTORELEASING = YES;
				CLANG_WARN_BOOL_CONVERSION = YES;
				CLANG_WARN_COMMA = YES;
				CLANG_WARN_CONSTANT_CONVERSION = YES;
				CLANG_WARN_DEPRECATED_OBJC_IMPLEMENTATIONS = YES;
				CLANG_WARN_DIRECT_OBJC_ISA_USAGE = YES_ERROR;
				CLANG_WARN_DOCUMENTATION_COMMENTS = YES;
				CLANG_WARN_EMPTY_BODY = YES;
				CLANG_WARN_ENUM_CONVERSION = YES;
				CLANG_WARN_INFINITE_RECURSION = YES;
				CLANG_WARN_INT_CONVERSION = YES;
				CLANG_WARN_NON_LITERAL_NULL_CONVERSION = YES;
				CLANG_WARN_OBJC_IMPLICIT_RETAIN_SELF = YES;
				CLANG_WARN_OBJC_LITERAL_CONVERSION = YES;
				CLANG_WARN_OBJC_ROOT_CLASS = YES_ERROR;
				CLANG_WARN_QUOTED_INCLUDE_IN_FRAMEWORK_HEADER = YES;
				CLANG_WARN_RANGE_LOOP_ANALYSIS = YES;
				CLANG_WARN_STRICT_PROTOTYPES = YES;
				CLANG_WARN_SUSPICIOUS_MOVE = YES;
				CLANG_WARN_UNGUARDED_AVAILABILITY = YES_AGGRESSIVE;
				CLANG_WARN_UNREACHABLE_CODE = YES;
				CLANG_WARN__DUPLICATE_METHOD_MATCH = YES;
				COPY_PHASE_STRIP = NO;
				DEBUG_INFORMATION_FORMAT = dwarf;
				ENABLE_STRICT_OBJC_MSGSEND = YES;
				ENABLE_TESTABILITY = YES;
				ENABLE_USER_SCRIPT_SANDBOXING = YES;
				GCC_C_LANGUAGE_STANDARD = gnu17;
				GCC_DYNAMIC_NO_PIC = NO;
				GCC_NO_COMMON_BLOCKS = YES;
				GCC_OPTIMIZATION_LEVEL = 0;
				GCC_PREPROCESSOR_DEFINITIONS = (
					"DEBUG=1",
					"$(inherited)",
				);
				GCC_WARN_64_TO_32_BIT_CONVERSION = YES;
				GCC_WARN_ABOUT_RETURN_TYPE = YES_ERROR;
				GCC_WARN_UNDECLARED_SELECTOR = YES;
				GCC_WARN_UNINITIALIZED_AUTOS = YES_AGGRESSIVE;
				GCC_WARN_UNUSED_FUNCTION = YES;
				GCC_WARN_UNUSED_VARIABLE = YES;
				LOCALIZATION_PREFERS_STRING_CATALOGS = YES;
				MACOSX_DEPLOYMENT_TARGET = 15.5;
				MTL_ENABLE_DEBUG_INFO = INCLUDE_SOURCE;
				MTL_FAST_MATH = YES;
				ONLY_ACTIVE_ARCH = YES;
				SDKROOT = macosx;
				SWIFT_ACTIVE_COMPILATION_CONDITIONS = "DEBUG $(inherited)";
				SWIFT_OPTIMIZATION_LEVEL = "-Onone";
			};
			name = Debug;
		};
		04985CBD2F1CA6250014B436 /* Release */ = {
			isa = XCBuildConfiguration;
			buildSettings = {
				ALWAYS_SEARCH_USER_PATHS = NO;
				ASSETCATALOG_COMPILER_GENERATE_SWIFT_ASSET_SYMBOL_EXTENSIONS = YES;
				CLANG_ANALYZER_NONNULL = YES;
				CLANG_ANALYZER_NUMBER_OBJECT_CONVERSION = YES_AGGRESSIVE;
				CLANG_CXX_LANGUAGE_STANDARD = "gnu++20";
				CLANG_ENABLE_MODULES = YES;
				CLANG_ENABLE_OBJC_ARC = YES;
				CLANG_ENABLE_OBJC_WEAK = YES;
				CLANG_WARN_BLOCK_CAPTURE_AUTORELEASING = YES;
				CLANG_WARN_BOOL_CONVERSION = YES;
				CLANG_WARN_COMMA = YES;
				CLANG_WARN_CONSTANT_CONVERSION = YES;
				CLANG_WARN_DEPRECATED_OBJC_IMPLEMENTATIONS = YES;
				CLANG_WARN_DIRECT_OBJC_ISA_USAGE = YES_ERROR;
				CLANG_WARN_DOCUMENTATION_COMMENTS = YES;
				CLANG_WARN_EMPTY_BODY = YES;
				CLANG_WARN_ENUM_CONVERSION = YES;
				CLANG_WARN_INFINITE_RECURSION = YES;
				CLANG_WARN_INT_CONVERSION = YES;
				CLANG_WARN_NON_LITERAL_NULL_CONVERSION = YES;
				CLANG_WARN_OBJC_IMPLICIT_RETAIN_SELF = YES;
				CLANG_WARN_OBJC_LITERAL_CONVERSION = YES;
				CLANG_WARN_OBJC_ROOT_CLASS = YES_ERROR;
				CLANG_WARN_QUOTED_INCLUDE_IN_FRAMEWORK_HEADER = YES;
				CLANG_WARN_RANGE_LOOP_ANALYSIS = YES;
				CLANG_WARN_STRICT_PROTOTYPES = YES;
				CLANG_WARN_SUSPICIOUS_MOVE = YES;
				CLANG_WARN_UNGUARDED_AVAILABILITY = YES_AGGRESSIVE;
				CLANG_WARN_UNREACHABLE_CODE = YES;
				CLANG_WARN__DUPLICATE_METHOD_MATCH = YES;
				COPY_PHASE_STRIP = NO;
				DEBUG_INFORMATION_FORMAT = "dwarf-with-dsym";
				ENABLE_NS_ASSERTIONS = NO;
				ENABLE_STRICT_OBJC_MSGSEND = YES;
				ENABLE_USER_SCRIPT_SANDBOXING = YES;
				GCC_C_LANGUAGE_STANDARD = gnu17;
				GCC_NO_COMMON_BLOCKS = YES;
				GCC_WARN_64_TO_32_BIT_CONVERSION = YES;
				GCC_WARN_ABOUT_RETURN_TYPE = YES_ERROR;
				GCC_WARN_UNDECLARED_SELECTOR = YES;
				GCC_WARN_UNINITIALIZED_AUTOS = YES_AGGRESSIVE;
				GCC_WARN_UNUSED_FUNCTION = YES;
				GCC_WARN_UNUSED_VARIABLE = YES;
				LOCALIZATION_PREFERS_STRING_CATALOGS = YES;
				MACOSX_DEPLOYMENT_TARGET = 15.5;
				MTL_ENABLE_DEBUG_INFO = NO;
				MTL_FAST_MATH = YES;
				SDKROOT = macosx;
				SWIFT_COMPILATION_MODE = wholemodule;
			};
			name = Release;
		};
		04985CBF2F1CA6250014B436 /* Debug */ = {
			isa = XCBuildConfiguration;
			buildSettings = {
				ASSETCATALOG_COMPILER_APPICON_NAME = AppIcon;
				ASSETCATALOG_COMPILER_GLOBAL_ACCENT_COLOR_NAME = AccentColor;
				CODE_SIGN_ENTITLEMENTS = boom/boom.entitlements;
				CODE_SIGN_STYLE = Automatic;
				COMBINE_HIDPI_IMAGES = YES;
				CURRENT_PROJECT_VERSION = 1;
				ENABLE_PREVIEWS = YES;
				GENERATE_INFOPLIST_FILE = YES;
				INFOPLIST_KEY_NSHumanReadableCopyright = "";
				LD_RUNPATH_SEARCH_PATHS = (
					"$(inherited)",
					"@executable_path/../Frameworks",
				);
				MARKETING_VERSION = 1.0;
				PRODUCT_BUNDLE_IDENTIFIER = p32929.boom;
				PRODUCT_NAME = "$(TARGET_NAME)";
				REGISTER_APP_GROUPS = YES;
				SWIFT_EMIT_LOC_STRINGS = YES;
				SWIFT_VERSION = 5.0;
			};
			name = Debug;
		};
		04985CC02F1CA6250014B436 /* Release */ = {
			isa = XCBuildConfiguration;
			buildSettings = {
				ASSETCATALOG_COMPILER_APPICON_NAME = AppIcon;
				ASSETCATALOG_COMPILER_GLOBAL_ACCENT_COLOR_NAME = AccentColor;
				CODE_SIGN_ENTITLEMENTS = boom/boom.entitlements;
				CODE_SIGN_STYLE = Automatic;
				COMBINE_HIDPI_IMAGES = YES;
				CURRENT_PROJECT_VERSION = 1;
				ENABLE_PREVIEWS = YES;
				GENERATE_INFOPLIST_FILE = YES;
				INFOPLIST_KEY_NSHumanReadableCopyright = "";
				LD_RUNPATH_SEARCH_PATHS = (
					"$(inherited)",
					"@executable_path/../Frameworks",
				);
				MARKETING_VERSION = 1.0;
				PRODUCT_BUNDLE_IDENTIFIER = p32929.boom;
				PRODUCT_NAME = "$(TARGET_NAME)";
				REGISTER_APP_GROUPS = YES;
				SWIFT_EMIT_LOC_STRINGS = YES;
				SWIFT_VERSION = 5.0;
			};
			name = Release;
		};
		04985CC22F1CA6250014B436 /* Debug */ = {
			isa = XCBuildConfiguration;
			buildSettings = {
				BUNDLE_LOADER = "$(TEST_HOST)";
				CODE_SIGN_STYLE = Automatic;
				CURRENT_PROJECT_VERSION = 1;
				GENERATE_INFOPLIST_FILE = YES;
				MACOSX_DEPLOYMENT_TARGET = 15.5;
				MARKETING_VERSION = 1.0;
				PRODUCT_BUNDLE_IDENTIFIER = p32929.boomTests;
				PRODUCT_NAME = "$(TARGET_NAME)";
				SWIFT_EMIT_LOC_STRINGS = NO;
				SWIFT_VERSION = 5.0;
				TEST_HOST = "$(BUILT_PRODUCTS_DIR)/boom.app/$(BUNDLE_EXECUTABLE_FOLDER_PATH)/boom";
			};
			name = Debug;
		};
		04985CC32F1CA6250014B436 /* Release */ = {
			isa = XCBuildConfiguration;
			buildSettings = {
				BUNDLE_LOADER = "$(TEST_HOST)";
				CODE_SIGN_STYLE = Automatic;
				CURRENT_PROJECT_VERSION = 1;
				GENERATE_INFOPLIST_FILE = YES;
				MACOSX_DEPLOYMENT_TARGET = 15.5;
				MARKETING_VERSION = 1.0;
				PRODUCT_BUNDLE_IDENTIFIER = p32929.boomTests;
				PRODUCT_NAME = "$(TARGET_NAME)";
				SWIFT_EMIT_LOC_STRINGS = NO;
				SWIFT_VERSION = 5.0;
				TEST_HOST = "$(BUILT_PRODUCTS_DIR)/boom.app/$(BUNDLE_EXECUTABLE_FOLDER_PATH)/boom";
			};
			name = Release;
		};
		04985CC52F1CA6250014B436 /* Debug */ = {
			isa = XCBuildConfiguration;
			buildSettings = {
				CODE_SIGN_STYLE = Automatic;
				CURRENT_PROJECT_VERSION = 1;
				GENERATE_INFOPLIST_FILE = YES;
				MARKETING_VERSION = 1.0;
				PRODUCT_BUNDLE_IDENTIFIER = p32929.boomUITests;
				PRODUCT_NAME = "$(TARGET_NAME)";
				SWIFT_EMIT_LOC_STRINGS = NO;
				SWIFT_VERSION = 5.0;
				TEST_TARGET_NAME = boom;
			};
			name = Debug;
		};
		04985CC62F1CA6250014B436 /* Release */ = {
			isa = XCBuildConfiguration;
			buildSettings = {
				CODE_SIGN_STYLE = Automatic;
				CURRENT_PROJECT_VERSION = 1;
				GENERATE_INFOPLIST_FILE = YES;
				MARKETING_VERSION = 1.0;
				PRODUCT_BUNDLE_IDENTIFIER = p32929.boomUITests;
				PRODUCT_NAME = "$(TARGET_NAME)";
				SWIFT_EMIT_LOC_STRINGS = NO;
				SWIFT_VERSION = 5.0;
				TEST_TARGET_NAME = boom;
			};
			name = Release;
		};
/* End XCBuildConfiguration section */

/* Begin XCConfigurationList section */
		04985C972F1CA6230014B436 /* Build configuration list for PBXProject "boom" */ = {
			isa = XCConfigurationList;
			buildConfigurations = (
				04985CBC2F1CA6250014B436 /* Debug */,
				04985CBD2F1CA6250014B436 /* Release */,
			);
			defaultConfigurationIsVisible = 0;
			defaultConfigurationName = Release;
		};
		04985CBE2F1CA6250014B436 /* Build configuration list for PBXNativeTarget "boom" */ = {
			isa = XCConfigurationList;
			buildConfigurations = (
				04985CBF2F1CA6250014B436 /* Debug */,
				04985CC02F1CA6250014B436 /* Release */,
			);
			defaultConfigurationIsVisible = 0;
			defaultConfigurationName = Release;
		};
		04985CC12F1CA6250014B436 /* Build configuration list for PBXNativeTarget "boomTests" */ = {
			isa = XCConfigurationList;
			buildConfigurations = (
				04985CC22F1CA6250014B436 /* Debug */,
				04985CC32F1CA6250014B436 /* Release */,
			);
			defaultConfigurationIsVisible = 0;
			defaultConfigurationName = Release;
		};
		04985CC42F1CA6250014B436 /* Build configuration list for PBXNativeTarget "boomUITests" */ = {
			isa = XCConfigurationList;
			buildConfigurations = (
				04985CC52F1CA6250014B436 /* Debug */,
				04985CC62F1CA6250014B436 /* Release */,
			);
			defaultConfigurationIsVisible = 0;
			defaultConfigurationName = Release;
		};
/* End XCConfigurationList section */
	};
	rootObject = 04985C942F1CA6230014B436 /* Project object */;
}
